
Microsoft Visual Studio Solution File, Format Version 12.00
# Visual Studio Version 17
VisualStudioVersion = 17.1.32421.90
MinimumVisualStudioVersion = 10.0.40219.1
Project("{9A19103F-16F7-4668-BE54-9A1E7A4F7556}") = "QueueTasks", "QueueTasks\QueueTasks.csproj", "{E8D3007D-A9C1-49C1-8855-47644DC3872B}"
EndProject
Project("{9A19103F-16F7-4668-BE54-9A1E7A4F7556}") = "QueueTasks.Controllers", "QueueTasks.Controllers\QueueTasks.Controllers.csproj", "{45CEDBB2-A957-406F-B628-8D3D5D7458D7}"
EndProject
Global
	GlobalSection(SolutionConfigurationPlatforms) = preSolution
		Debug|Any CPU = Debug|Any CPU
		Release|Any CPU = Release|Any CPU
	EndGlobalSection
	GlobalSection(ProjectConfigurationPlatforms) = postSolution
		{E8D3007D-A9C1-49C1-8855-47644DC3872B}.Debug|Any CPU.ActiveCfg = Debug|Any CPU
		{E8D3007D-A9C1-49C1-8855-47644DC3872B}.Debug|Any CPU.Build.0 = Debug|Any CPU
		{E8D3007D-A9C1-49C1-8855-47644DC3872B}.Release|Any CPU.ActiveCfg = Release|Any CPU
		{E8D3007D-A9C1-49C1-8855-47644DC3872B}.Release|Any CPU.Build.0 = Release|Any CPU
		{45CEDBB2-A957-406F-B628-8D3D5D7458D7}.Debug|Any CPU.ActiveCfg = Debug|Any CPU
		{45CEDBB2-A957-406F-B628-8D3D5D7458D7}.Debug|Any CPU.Build.0 = Debug|Any CPU
		{45CEDBB2-A957-406F-B628-8D3D5D7458D7}.Release|Any CPU.ActiveCfg = Release|Any CPU
		{45CEDBB2-A957-406F-B628-8D3D5D7458D7}.Release|Any CPU.Build.0 = Release|Any CPU
	EndGlobalSection
	GlobalSection(SolutionProperties) = preSolution
		HideSolutionNode = FALSE
	EndGlobalSection
	GlobalSection(ExtensibilityGlobals) = postSolution
		SolutionGuid = {1C22D718-CBF3-4C17-8A0A-154C5C6E4E94}
	EndGlobalSection
EndGlobal
